<?xml version="1.0" encoding="utf-8"?>
<Project ToolsVersion="4.0" xmlns="http://schemas.microsoft.com/developer/msbuild/2003">
  <ItemGroup>
    <Filter Include="Source Files">
      <UniqueIdentifier>{4FC737F1-C7A5-4376-A066-2A32D752A2FF}</UniqueIdentifier>
      <Extensions>cpp;c;cc;cxx;c++;cppm;ixx;def;odl;idl;hpj;bat;asm;asmx</Extensions>
    </Filter>
    <Filter Include="Header Files">
      <UniqueIdentifier>{93995380-89BD-4b04-88EB-625FBE52EBFB}</UniqueIdentifier>
      <Extensions>h;hh;hpp;hxx;h++;hm;inl;inc;ipp;xsd</Extensions>
    </Filter>
    <Filter Include="Resource Files">
      <UniqueIdentifier>{67DA6AB6-F800-4c08-8B7A-83BB121AAD01}</UniqueIdentifier>
      <Extensions>rc;ico;cur;bmp;dlg;rc2;rct;bin;rgs;gif;jpg;jpeg;jpe;resx;tiff;tif;png;wav;mfcribbon-ms</Extensions>
    </Filter>
  </ItemGroup>
  <ItemGroup>
    <ClInclude Include="prefs.h">
      <Filter>Header Files</Filter>
    </ClInclude>
    <ClInclude Include="vapour\core\win32\generated\gl_funcs.h">
      <Filter>Header Files</Filter>
    </ClInclude>
    <ClInclude Include="vapour\core\win32\gl.h">
      <Filter>Header Files</Filter>
    </ClInclude>
    <ClInclude Include="vapour\core\win32\gl_load.h">
      <Filter>Header Files</Filter>
    </ClInclude>
    <ClInclude Include="vapour\core\console.h">
      <Filter>Header Files</Filter>
    </ClInclude>
    <ClInclude Include="vapour\core\ecs.h">
      <Filter>Header Files</Filter>
    </ClInclude>
    <ClInclude Include="vapour\core\math.h">
      <Filter>Header Files</Filter>
    </ClInclude>
    <ClInclude Include="vapour\core\win32\window.h">
      <Filter>Header Files</Filter>
    </ClInclude>
    <ClInclude Include="vapour\external\glcorearb.h">
      <Filter>Header Files</Filter>
    </ClInclude>
    <ClInclude Include="vapour\external\khrplatform.h">
      <Filter>Header Files</Filter>
    </ClInclude>
    <ClInclude Include="vapour\render\renderer.h">
      <Filter>Header Files</Filter>
    </ClInclude>
    <ClInclude Include="vapour\include.h">
      <Filter>Header Files</Filter>
    </ClInclude>
    <ClInclude Include="vapour\meta\startup.h">
      <Filter>Header Files</Filter>
    </ClInclude>
    <ClInclude Include="vapour\core\win32\wgl.h">
      <Filter>Header Files</Filter>
    </ClInclude>
    <ClInclude Include="vapour\core\gl.h">
      <Filter>Header Files</Filter>
    </ClInclude>
    <ClInclude Include="vapour\core\window.h">
      <Filter>Header Files</Filter>
    </ClInclude>
  </ItemGroup>
  <ItemGroup>
    <ClCompile Include="vapour\core\win32\generated\gl_funcs.cpp">
      <Filter>Source Files</Filter>
    </ClCompile>
    <ClCompile Include="vapour\core\win32\gl.cpp">
      <Filter>Source Files</Filter>
    </ClCompile>
    <ClCompile Include="vapour\core\console.cpp">
      <Filter>Source Files</Filter>
    </ClCompile>
    <ClCompile Include="vapour\core\ecs.cpp">
      <Filter>Source Files</Filter>
    </ClCompile>
    <ClCompile Include="vapour\core\math.cpp">
      <Filter>Source Files</Filter>
    </ClCompile>
    <ClCompile Include="vapour\core\win32\window.cpp">
      <Filter>Source Files</Filter>
    </ClCompile>
    <ClCompile Include="vapour\render\renderer.cpp">
      <Filter>Source Files</Filter>
    </ClCompile>
    <ClCompile Include="vapour\meta\startup.cpp">
      <Filter>Source Files</Filter>
    </ClCompile>
    <ClCompile Include="vapour\core\win32\wgl.cpp">
      <Filter>Source Files</Filter>
    </ClCompile>
  </ItemGroup>
  <ItemGroup>
    <None Include="vapour\core\win32\generated\function_names.json" />
    <None Include="vapour\core\win32\gl_gen_buffer.py" />
    <None Include="vapour\core\win32\gl_gen_scripts.py" />
  </ItemGroup>
</Project>